
Microsoft Visual Studio Solution File, Format Version 12.00
# Visual Studio Version 16
VisualStudioVersion = 16.0.28922.388
MinimumVisualStudioVersion = 10.0.40219.1
Project("{FAE04EC0-301F-11D3-BF4B-00C04F79EFBC}") = "Ludio", "Ludio\Ludio.csproj", "{43150036-5EB9-4577-A058-5C2E5FBDE7B7}"
EndProject
Global
	GlobalSection(SolutionConfigurationPlatforms) = preSolution
		Debug|Any CPU = Debug|Any CPU
		Release|Any CPU = Release|Any CPU
	EndGlobalSection
	GlobalSection(ProjectConfigurationPlatforms) = postSolution
		{43150036-5EB9-4577-A058-5C2E5FBDE7B7}.Debug|Any CPU.ActiveCfg = Debug|Any CPU
		{43150036-5EB9-4577-A058-5C2E5FBDE7B7}.Debug|Any CPU.Build.0 = Debug|Any CPU
		{43150036-5EB9-4577-A058-5C2E5FBDE7B7}.Release|Any CPU.ActiveCfg = Release|Any CPU
		{43150036-5EB9-4577-A058-5C2E5FBDE7B7}.Release|Any CPU.Build.0 = Release|Any CPU
	EndGlobalSection
	GlobalSection(SolutionProperties) = preSolution
		HideSolutionNode = FALSE
	EndGlobalSection
	GlobalSection(ExtensibilityGlobals) = postSolution
		SolutionGuid = {1FBF811E-5F2F-4264-9A89-3EB9FD77D8C1}
	EndGlobalSection
EndGlobal
